
Microsoft Visual Studio Solution File, Format Version 12.00
# Visual Studio Version 17
VisualStudioVersion = 17.12.35514.174 d17.12
MinimumVisualStudioVersion = 10.0.40219.1
Project("{FAE04EC0-301F-11D3-BF4B-00C04F79EFBC}") = "CryptoConsole", "CryptoConsole\CryptoConsole.csproj", "{88C95485-9F44-46B7-9997-EDE217470689}"
EndProject
Project("{FAE04EC0-301F-11D3-BF4B-00C04F79EFBC}") = "CryptoXTest", "CryptoXTest\CryptoXTest.csproj", "{65585914-046D-442D-AC9D-8BE875E42FA6}"
EndProject
Global
	GlobalSection(SolutionConfigurationPlatforms) = preSolution
		Debug|Any CPU = Debug|Any CPU
		Release|Any CPU = Release|Any CPU
	EndGlobalSection
	GlobalSection(ProjectConfigurationPlatforms) = postSolution
		{88C95485-9F44-46B7-9997-EDE217470689}.Debug|Any CPU.ActiveCfg = Debug|Any CPU
		{88C95485-9F44-46B7-9997-EDE217470689}.Debug|Any CPU.Build.0 = Debug|Any CPU
		{88C95485-9F44-46B7-9997-EDE217470689}.Release|Any CPU.ActiveCfg = Release|Any CPU
		{88C95485-9F44-46B7-9997-EDE217470689}.Release|Any CPU.Build.0 = Release|Any CPU
		{65585914-046D-442D-AC9D-8BE875E42FA6}.Debug|Any CPU.ActiveCfg = Debug|Any CPU
		{65585914-046D-442D-AC9D-8BE875E42FA6}.Debug|Any CPU.Build.0 = Debug|Any CPU
		{65585914-046D-442D-AC9D-8BE875E42FA6}.Release|Any CPU.ActiveCfg = Release|Any CPU
		{65585914-046D-442D-AC9D-8BE875E42FA6}.Release|Any CPU.Build.0 = Release|Any CPU
	EndGlobalSection
	GlobalSection(SolutionProperties) = preSolution
		HideSolutionNode = FALSE
	EndGlobalSection
EndGlobal
